
Microsoft Visual Studio Solution File, Format Version 10.00
# Visual Studio 2008
Project("{FAE04EC0-301F-11D3-BF4B-00C04F79EFBC}") = "HelloWorld", "HelloWorld\HelloWorld.csproj", "{5FDC40A1-0724-4F8E-A32B-8A37F12CD62A}"
EndProject
Project("{FAE04EC0-301F-11D3-BF4B-00C04F79EFBC}") = "LearnString", "LearnString\LearnString.csproj", "{93B3DF07-5045-473E-9429-6B158E38A677}"
EndProject
Project("{FAE04EC0-301F-11D3-BF4B-00C04F79EFBC}") = "ArrayGuide", "ArrayGuide\ArrayGuide.csproj", "{CA8356A4-EC04-416E-91F5-E6B894A13E5A}"
EndProject
Project("{FAE04EC0-301F-11D3-BF4B-00C04F79EFBC}") = "Events", "Events\Events.csproj", "{9DAF5002-A136-4BB0-9EAD-C435C1B069D3}"
EndProject
Project("{FAE04EC0-301F-11D3-BF4B-00C04F79EFBC}") = "FileSystemAndRegistry", "FileSystemAndRegistry\FileSystemAndRegistry.csproj", "{7949F254-EF32-4735-974E-BE0B42401014}"
EndProject
Global
	GlobalSection(SolutionConfigurationPlatforms) = preSolution
		Debug|Any CPU = Debug|Any CPU
		Release|Any CPU = Release|Any CPU
	EndGlobalSection
	GlobalSection(ProjectConfigurationPlatforms) = postSolution
		{5FDC40A1-0724-4F8E-A32B-8A37F12CD62A}.Debug|Any CPU.ActiveCfg = Debug|Any CPU
		{5FDC40A1-0724-4F8E-A32B-8A37F12CD62A}.Debug|Any CPU.Build.0 = Debug|Any CPU
		{5FDC40A1-0724-4F8E-A32B-8A37F12CD62A}.Release|Any CPU.ActiveCfg = Release|Any CPU
		{5FDC40A1-0724-4F8E-A32B-8A37F12CD62A}.Release|Any CPU.Build.0 = Release|Any CPU
		{93B3DF07-5045-473E-9429-6B158E38A677}.Debug|Any CPU.ActiveCfg = Debug|Any CPU
		{93B3DF07-5045-473E-9429-6B158E38A677}.Debug|Any CPU.Build.0 = Debug|Any CPU
		{93B3DF07-5045-473E-9429-6B158E38A677}.Release|Any CPU.ActiveCfg = Release|Any CPU
		{93B3DF07-5045-473E-9429-6B158E38A677}.Release|Any CPU.Build.0 = Release|Any CPU
		{CA8356A4-EC04-416E-91F5-E6B894A13E5A}.Debug|Any CPU.ActiveCfg = Debug|Any CPU
		{CA8356A4-EC04-416E-91F5-E6B894A13E5A}.Debug|Any CPU.Build.0 = Debug|Any CPU
		{CA8356A4-EC04-416E-91F5-E6B894A13E5A}.Release|Any CPU.ActiveCfg = Release|Any CPU
		{CA8356A4-EC04-416E-91F5-E6B894A13E5A}.Release|Any CPU.Build.0 = Release|Any CPU
		{9DAF5002-A136-4BB0-9EAD-C435C1B069D3}.Debug|Any CPU.ActiveCfg = Debug|Any CPU
		{9DAF5002-A136-4BB0-9EAD-C435C1B069D3}.Debug|Any CPU.Build.0 = Debug|Any CPU
		{9DAF5002-A136-4BB0-9EAD-C435C1B069D3}.Release|Any CPU.ActiveCfg = Release|Any CPU
		{9DAF5002-A136-4BB0-9EAD-C435C1B069D3}.Release|Any CPU.Build.0 = Release|Any CPU
		{7949F254-EF32-4735-974E-BE0B42401014}.Debug|Any CPU.ActiveCfg = Debug|Any CPU
		{7949F254-EF32-4735-974E-BE0B42401014}.Debug|Any CPU.Build.0 = Debug|Any CPU
		{7949F254-EF32-4735-974E-BE0B42401014}.Release|Any CPU.ActiveCfg = Release|Any CPU
		{7949F254-EF32-4735-974E-BE0B42401014}.Release|Any CPU.Build.0 = Release|Any CPU
	EndGlobalSection
	GlobalSection(SolutionProperties) = preSolution
		HideSolutionNode = FALSE
	EndGlobalSection
EndGlobal
